
Microsoft Visual Studio Solution File, Format Version 12.00
# Visual Studio Version 17
VisualStudioVersion = 17.6.33801.468
MinimumVisualStudioVersion = 10.0.40219.1
Project("{9A19103F-16F7-4668-BE54-9A1E7A4F7556}") = "BuilderPattern", "BuilderPattern\BuilderPattern.csproj", "{283E40D0-0FBD-40D1-8152-F64405C68CB4}"
EndProject
Project("{2150E333-8FDC-42A3-9474-1A3956D46DE8}") = "Creational", "Creational", "{D4152872-4C18-48F1-8380-237625970E2D}"
EndProject
Project("{9A19103F-16F7-4668-BE54-9A1E7A4F7556}") = "FactoryPattern", "FactoryPattern\FactoryPattern.csproj", "{076CCA7B-201E-4431-9538-9087575FA271}"
EndProject
Project("{FAE04EC0-301F-11D3-BF4B-00C04F79EFBC}") = "SingletonPattern", "SingletonPattern\SingletonPattern.csproj", "{39CB620B-639D-438F-A027-970F7811E865}"
EndProject
Global
	GlobalSection(SolutionConfigurationPlatforms) = preSolution
		Debug|Any CPU = Debug|Any CPU
		Release|Any CPU = Release|Any CPU
	EndGlobalSection
	GlobalSection(ProjectConfigurationPlatforms) = postSolution
		{283E40D0-0FBD-40D1-8152-F64405C68CB4}.Debug|Any CPU.ActiveCfg = Debug|Any CPU
		{283E40D0-0FBD-40D1-8152-F64405C68CB4}.Debug|Any CPU.Build.0 = Debug|Any CPU
		{283E40D0-0FBD-40D1-8152-F64405C68CB4}.Release|Any CPU.ActiveCfg = Release|Any CPU
		{283E40D0-0FBD-40D1-8152-F64405C68CB4}.Release|Any CPU.Build.0 = Release|Any CPU
		{076CCA7B-201E-4431-9538-9087575FA271}.Debug|Any CPU.ActiveCfg = Debug|Any CPU
		{076CCA7B-201E-4431-9538-9087575FA271}.Debug|Any CPU.Build.0 = Debug|Any CPU
		{076CCA7B-201E-4431-9538-9087575FA271}.Release|Any CPU.ActiveCfg = Release|Any CPU
		{076CCA7B-201E-4431-9538-9087575FA271}.Release|Any CPU.Build.0 = Release|Any CPU
		{39CB620B-639D-438F-A027-970F7811E865}.Debug|Any CPU.ActiveCfg = Debug|Any CPU
		{39CB620B-639D-438F-A027-970F7811E865}.Debug|Any CPU.Build.0 = Debug|Any CPU
		{39CB620B-639D-438F-A027-970F7811E865}.Release|Any CPU.ActiveCfg = Release|Any CPU
		{39CB620B-639D-438F-A027-970F7811E865}.Release|Any CPU.Build.0 = Release|Any CPU
	EndGlobalSection
	GlobalSection(SolutionProperties) = preSolution
		HideSolutionNode = FALSE
	EndGlobalSection
	GlobalSection(NestedProjects) = preSolution
		{283E40D0-0FBD-40D1-8152-F64405C68CB4} = {D4152872-4C18-48F1-8380-237625970E2D}
		{076CCA7B-201E-4431-9538-9087575FA271} = {D4152872-4C18-48F1-8380-237625970E2D}
		{39CB620B-639D-438F-A027-970F7811E865} = {D4152872-4C18-48F1-8380-237625970E2D}
	EndGlobalSection
	GlobalSection(ExtensibilityGlobals) = postSolution
		SolutionGuid = {227E1B86-E599-49DF-A6E2-0075F4B1E55F}
	EndGlobalSection
EndGlobal
